
Microsoft Visual Studio Solution File, Format Version 12.00
# Visual Studio Version 16
VisualStudioVersion = 16.0.32106.194
MinimumVisualStudioVersion = 10.0.40219.1
Project("{8BC9CEB8-8B4A-11D0-8D11-00A0C91BC942}") = "les10_17", "les10_17.vcxproj", "{FD15EBAD-F026-4416-882E-5F1D27CD931A}"
EndProject
Global
	GlobalSection(SolutionConfigurationPlatforms) = preSolution
		Debug|x64 = Debug|x64
		Debug|x86 = Debug|x86
		Release|x64 = Release|x64
		Release|x86 = Release|x86
	EndGlobalSection
	GlobalSection(ProjectConfigurationPlatforms) = postSolution
		{FD15EBAD-F026-4416-882E-5F1D27CD931A}.Debug|x64.ActiveCfg = Debug|x64
		{FD15EBAD-F026-4416-882E-5F1D27CD931A}.Debug|x64.Build.0 = Debug|x64
		{FD15EBAD-F026-4416-882E-5F1D27CD931A}.Debug|x86.ActiveCfg = Debug|Win32
		{FD15EBAD-F026-4416-882E-5F1D27CD931A}.Debug|x86.Build.0 = Debug|Win32
		{FD15EBAD-F026-4416-882E-5F1D27CD931A}.Release|x64.ActiveCfg = Release|x64
		{FD15EBAD-F026-4416-882E-5F1D27CD931A}.Release|x64.Build.0 = Release|x64
		{FD15EBAD-F026-4416-882E-5F1D27CD931A}.Release|x86.ActiveCfg = Release|Win32
		{FD15EBAD-F026-4416-882E-5F1D27CD931A}.Release|x86.Build.0 = Release|Win32
	EndGlobalSection
	GlobalSection(SolutionProperties) = preSolution
		HideSolutionNode = FALSE
	EndGlobalSection
	GlobalSection(ExtensibilityGlobals) = postSolution
		SolutionGuid = {91D7F292-348A-4D5D-923C-7C577C6F98B9}
	EndGlobalSection
EndGlobal
