
Microsoft Visual Studio Solution File, Format Version 12.00
# Visual Studio Version 16
VisualStudioVersion = 16.0.31911.196
MinimumVisualStudioVersion = 10.0.40219.1
Project("{8BC9CEB8-8B4A-11D0-8D11-00A0C91BC942}") = "les10_02", "les10_02.vcxproj", "{70DED660-7C95-41CE-AD27-220F39C9B501}"
EndProject
Global
	GlobalSection(SolutionConfigurationPlatforms) = preSolution
		Debug|x64 = Debug|x64
		Debug|x86 = Debug|x86
		Release|x64 = Release|x64
		Release|x86 = Release|x86
	EndGlobalSection
	GlobalSection(ProjectConfigurationPlatforms) = postSolution
		{70DED660-7C95-41CE-AD27-220F39C9B501}.Debug|x64.ActiveCfg = Debug|x64
		{70DED660-7C95-41CE-AD27-220F39C9B501}.Debug|x64.Build.0 = Debug|x64
		{70DED660-7C95-41CE-AD27-220F39C9B501}.Debug|x86.ActiveCfg = Debug|Win32
		{70DED660-7C95-41CE-AD27-220F39C9B501}.Debug|x86.Build.0 = Debug|Win32
		{70DED660-7C95-41CE-AD27-220F39C9B501}.Release|x64.ActiveCfg = Release|x64
		{70DED660-7C95-41CE-AD27-220F39C9B501}.Release|x64.Build.0 = Release|x64
		{70DED660-7C95-41CE-AD27-220F39C9B501}.Release|x86.ActiveCfg = Release|Win32
		{70DED660-7C95-41CE-AD27-220F39C9B501}.Release|x86.Build.0 = Release|Win32
	EndGlobalSection
	GlobalSection(SolutionProperties) = preSolution
		HideSolutionNode = FALSE
	EndGlobalSection
	GlobalSection(ExtensibilityGlobals) = postSolution
		SolutionGuid = {C93D01DA-617F-4F0C-892C-1480DDC1631E}
	EndGlobalSection
EndGlobal
